
Microsoft Visual Studio Solution File, Format Version 12.00
# Visual Studio 15
VisualStudioVersion = 15.0.28307.852
MinimumVisualStudioVersion = 10.0.40219.1
Project("{FAE04EC0-301F-11D3-BF4B-00C04F79EFBC}") = "Maas_Hesaplama", "Maas_Hesaplama\Maas_Hesaplama.csproj", "{63D012BC-EDB2-4C15-96F4-C2E37C589EE0}"
EndProject
Global
	GlobalSection(SolutionConfigurationPlatforms) = preSolution
		Debug|Any CPU = Debug|Any CPU
		Release|Any CPU = Release|Any CPU
	EndGlobalSection
	GlobalSection(ProjectConfigurationPlatforms) = postSolution
		{63D012BC-EDB2-4C15-96F4-C2E37C589EE0}.Debug|Any CPU.ActiveCfg = Debug|Any CPU
		{63D012BC-EDB2-4C15-96F4-C2E37C589EE0}.Debug|Any CPU.Build.0 = Debug|Any CPU
		{63D012BC-EDB2-4C15-96F4-C2E37C589EE0}.Release|Any CPU.ActiveCfg = Release|Any CPU
		{63D012BC-EDB2-4C15-96F4-C2E37C589EE0}.Release|Any CPU.Build.0 = Release|Any CPU
	EndGlobalSection
	GlobalSection(SolutionProperties) = preSolution
		HideSolutionNode = FALSE
	EndGlobalSection
	GlobalSection(ExtensibilityGlobals) = postSolution
		SolutionGuid = {A7EF7261-11FD-4055-9D40-C9CD3B043CA4}
	EndGlobalSection
EndGlobal
